
Microsoft Visual Studio Solution File, Format Version 12.00
# Visual Studio Version 16
VisualStudioVersion = 16.0.31624.102
MinimumVisualStudioVersion = 10.0.40219.1
Project("{FAE04EC0-301F-11D3-BF4B-00C04F79EFBC}") = "Overloads", "Overloads.csproj", "{8AE5739C-0812-4AB5-BD7A-CFCFE804719E}"
EndProject
Global
	GlobalSection(SolutionConfigurationPlatforms) = preSolution
		Debug|Any CPU = Debug|Any CPU
		Release|Any CPU = Release|Any CPU
	EndGlobalSection
	GlobalSection(ProjectConfigurationPlatforms) = postSolution
		{8AE5739C-0812-4AB5-BD7A-CFCFE804719E}.Debug|Any CPU.ActiveCfg = Debug|Any CPU
		{8AE5739C-0812-4AB5-BD7A-CFCFE804719E}.Debug|Any CPU.Build.0 = Debug|Any CPU
		{8AE5739C-0812-4AB5-BD7A-CFCFE804719E}.Release|Any CPU.ActiveCfg = Release|Any CPU
		{8AE5739C-0812-4AB5-BD7A-CFCFE804719E}.Release|Any CPU.Build.0 = Release|Any CPU
	EndGlobalSection
	GlobalSection(SolutionProperties) = preSolution
		HideSolutionNode = FALSE
	EndGlobalSection
	GlobalSection(ExtensibilityGlobals) = postSolution
		SolutionGuid = {D6C2AF7A-B8F2-490C-93D4-629B73B570CD}
	EndGlobalSection
EndGlobal
