
Microsoft Visual Studio Solution File, Format Version 12.00
# Visual Studio Version 16
VisualStudioVersion = 16.0.31729.503
MinimumVisualStudioVersion = 10.0.40219.1
Project("{FAE04EC0-301F-11D3-BF4B-00C04F79EFBC}") = "Practice_03", "Practice_03.csproj", "{CF6B82C0-578D-4666-873A-6040F8797DB9}"
EndProject
Global
	GlobalSection(SolutionConfigurationPlatforms) = preSolution
		Debug|Any CPU = Debug|Any CPU
		Release|Any CPU = Release|Any CPU
	EndGlobalSection
	GlobalSection(ProjectConfigurationPlatforms) = postSolution
		{CF6B82C0-578D-4666-873A-6040F8797DB9}.Debug|Any CPU.ActiveCfg = Debug|Any CPU
		{CF6B82C0-578D-4666-873A-6040F8797DB9}.Debug|Any CPU.Build.0 = Debug|Any CPU
		{CF6B82C0-578D-4666-873A-6040F8797DB9}.Release|Any CPU.ActiveCfg = Release|Any CPU
		{CF6B82C0-578D-4666-873A-6040F8797DB9}.Release|Any CPU.Build.0 = Release|Any CPU
	EndGlobalSection
	GlobalSection(SolutionProperties) = preSolution
		HideSolutionNode = FALSE
	EndGlobalSection
	GlobalSection(ExtensibilityGlobals) = postSolution
		SolutionGuid = {E3FBAD42-805A-4131-AF42-74EABADE4399}
	EndGlobalSection
EndGlobal
