
Microsoft Visual Studio Solution File, Format Version 12.00
# Visual Studio Version 16
VisualStudioVersion = 16.0.31729.503
MinimumVisualStudioVersion = 10.0.40219.1
Project("{FAE04EC0-301F-11D3-BF4B-00C04F79EFBC}") = "Urok_8", "Urok_8.csproj", "{21229B9D-C336-4F76-A493-F43565DA025B}"
EndProject
Global
	GlobalSection(SolutionConfigurationPlatforms) = preSolution
		Debug|Any CPU = Debug|Any CPU
		Release|Any CPU = Release|Any CPU
	EndGlobalSection
	GlobalSection(ProjectConfigurationPlatforms) = postSolution
		{21229B9D-C336-4F76-A493-F43565DA025B}.Debug|Any CPU.ActiveCfg = Debug|Any CPU
		{21229B9D-C336-4F76-A493-F43565DA025B}.Debug|Any CPU.Build.0 = Debug|Any CPU
		{21229B9D-C336-4F76-A493-F43565DA025B}.Release|Any CPU.ActiveCfg = Release|Any CPU
		{21229B9D-C336-4F76-A493-F43565DA025B}.Release|Any CPU.Build.0 = Release|Any CPU
	EndGlobalSection
	GlobalSection(SolutionProperties) = preSolution
		HideSolutionNode = FALSE
	EndGlobalSection
	GlobalSection(ExtensibilityGlobals) = postSolution
		SolutionGuid = {C068DCFD-2627-4158-84AC-E6F3569F9326}
	EndGlobalSection
EndGlobal
